
Microsoft Visual Studio Solution File, Format Version 12.00
# Visual Studio Version 16
VisualStudioVersion = 16.0.30114.105
MinimumVisualStudioVersion = 10.0.40219.1
Project("{FAE04EC0-301F-11D3-BF4B-00C04F79EFBC}") = "ChristmasPickNotifier", "ChristmasPickNotifier\ChristmasPickNotifier.csproj", "{D555133C-6547-4476-A408-1BA5B31FD485}"
EndProject
Project("{FAE04EC0-301F-11D3-BF4B-00C04F79EFBC}") = "ChristmasPickMessages", "ChristmasPickMessages\ChristmasPickMessages.csproj", "{488528E2-87AE-4D21-A607-FA0618D1F78C}"
EndProject
Project("{FAE04EC0-301F-11D3-BF4B-00C04F79EFBC}") = "ChristmasPickMessages.uTests", "ChristmasPickMessages.uTests\ChristmasPickMessages.uTests.csproj", "{29917B79-681B-45ED-A00B-C7FA680D446B}"
EndProject
Project("{FAE04EC0-301F-11D3-BF4B-00C04F79EFBC}") = "ChristmasPickNotifier.eTests", "ChristmasPickNotifier.eTests\ChristmasPickNotifier.eTests.csproj", "{23C8F6C9-8213-411B-BCB6-26D2A1706E46}"
EndProject
Project("{FAE04EC0-301F-11D3-BF4B-00C04F79EFBC}") = "xUnitTestSecrets", "xUnitTestSecrets\xUnitTestSecrets.csproj", "{A7BB9636-6CEF-47EA-B63F-594DBD5DAF72}"
EndProject
Global
	GlobalSection(SolutionConfigurationPlatforms) = preSolution
		Debug|Any CPU = Debug|Any CPU
		Debug|x64 = Debug|x64
		Debug|x86 = Debug|x86
		Release|Any CPU = Release|Any CPU
		Release|x64 = Release|x64
		Release|x86 = Release|x86
	EndGlobalSection
	GlobalSection(SolutionProperties) = preSolution
		HideSolutionNode = FALSE
	EndGlobalSection
	GlobalSection(ProjectConfigurationPlatforms) = postSolution
		{D555133C-6547-4476-A408-1BA5B31FD485}.Debug|Any CPU.ActiveCfg = Debug|Any CPU
		{D555133C-6547-4476-A408-1BA5B31FD485}.Debug|Any CPU.Build.0 = Debug|Any CPU
		{D555133C-6547-4476-A408-1BA5B31FD485}.Debug|x64.ActiveCfg = Debug|Any CPU
		{D555133C-6547-4476-A408-1BA5B31FD485}.Debug|x64.Build.0 = Debug|Any CPU
		{D555133C-6547-4476-A408-1BA5B31FD485}.Debug|x86.ActiveCfg = Debug|Any CPU
		{D555133C-6547-4476-A408-1BA5B31FD485}.Debug|x86.Build.0 = Debug|Any CPU
		{D555133C-6547-4476-A408-1BA5B31FD485}.Release|Any CPU.ActiveCfg = Release|Any CPU
		{D555133C-6547-4476-A408-1BA5B31FD485}.Release|Any CPU.Build.0 = Release|Any CPU
		{D555133C-6547-4476-A408-1BA5B31FD485}.Release|x64.ActiveCfg = Release|Any CPU
		{D555133C-6547-4476-A408-1BA5B31FD485}.Release|x64.Build.0 = Release|Any CPU
		{D555133C-6547-4476-A408-1BA5B31FD485}.Release|x86.ActiveCfg = Release|Any CPU
		{D555133C-6547-4476-A408-1BA5B31FD485}.Release|x86.Build.0 = Release|Any CPU
		{488528E2-87AE-4D21-A607-FA0618D1F78C}.Debug|Any CPU.ActiveCfg = Debug|Any CPU
		{488528E2-87AE-4D21-A607-FA0618D1F78C}.Debug|Any CPU.Build.0 = Debug|Any CPU
		{488528E2-87AE-4D21-A607-FA0618D1F78C}.Debug|x64.ActiveCfg = Debug|Any CPU
		{488528E2-87AE-4D21-A607-FA0618D1F78C}.Debug|x64.Build.0 = Debug|Any CPU
		{488528E2-87AE-4D21-A607-FA0618D1F78C}.Debug|x86.ActiveCfg = Debug|Any CPU
		{488528E2-87AE-4D21-A607-FA0618D1F78C}.Debug|x86.Build.0 = Debug|Any CPU
		{488528E2-87AE-4D21-A607-FA0618D1F78C}.Release|Any CPU.ActiveCfg = Release|Any CPU
		{488528E2-87AE-4D21-A607-FA0618D1F78C}.Release|Any CPU.Build.0 = Release|Any CPU
		{488528E2-87AE-4D21-A607-FA0618D1F78C}.Release|x64.ActiveCfg = Release|Any CPU
		{488528E2-87AE-4D21-A607-FA0618D1F78C}.Release|x64.Build.0 = Release|Any CPU
		{488528E2-87AE-4D21-A607-FA0618D1F78C}.Release|x86.ActiveCfg = Release|Any CPU
		{488528E2-87AE-4D21-A607-FA0618D1F78C}.Release|x86.Build.0 = Release|Any CPU
		{29917B79-681B-45ED-A00B-C7FA680D446B}.Debug|Any CPU.ActiveCfg = Debug|Any CPU
		{29917B79-681B-45ED-A00B-C7FA680D446B}.Debug|Any CPU.Build.0 = Debug|Any CPU
		{29917B79-681B-45ED-A00B-C7FA680D446B}.Debug|x64.ActiveCfg = Debug|Any CPU
		{29917B79-681B-45ED-A00B-C7FA680D446B}.Debug|x64.Build.0 = Debug|Any CPU
		{29917B79-681B-45ED-A00B-C7FA680D446B}.Debug|x86.ActiveCfg = Debug|Any CPU
		{29917B79-681B-45ED-A00B-C7FA680D446B}.Debug|x86.Build.0 = Debug|Any CPU
		{29917B79-681B-45ED-A00B-C7FA680D446B}.Release|Any CPU.ActiveCfg = Release|Any CPU
		{29917B79-681B-45ED-A00B-C7FA680D446B}.Release|Any CPU.Build.0 = Release|Any CPU
		{29917B79-681B-45ED-A00B-C7FA680D446B}.Release|x64.ActiveCfg = Release|Any CPU
		{29917B79-681B-45ED-A00B-C7FA680D446B}.Release|x64.Build.0 = Release|Any CPU
		{29917B79-681B-45ED-A00B-C7FA680D446B}.Release|x86.ActiveCfg = Release|Any CPU
		{29917B79-681B-45ED-A00B-C7FA680D446B}.Release|x86.Build.0 = Release|Any CPU
		{23C8F6C9-8213-411B-BCB6-26D2A1706E46}.Debug|Any CPU.ActiveCfg = Debug|Any CPU
		{23C8F6C9-8213-411B-BCB6-26D2A1706E46}.Debug|Any CPU.Build.0 = Debug|Any CPU
		{23C8F6C9-8213-411B-BCB6-26D2A1706E46}.Debug|x64.ActiveCfg = Debug|Any CPU
		{23C8F6C9-8213-411B-BCB6-26D2A1706E46}.Debug|x64.Build.0 = Debug|Any CPU
		{23C8F6C9-8213-411B-BCB6-26D2A1706E46}.Debug|x86.ActiveCfg = Debug|Any CPU
		{23C8F6C9-8213-411B-BCB6-26D2A1706E46}.Debug|x86.Build.0 = Debug|Any CPU
		{23C8F6C9-8213-411B-BCB6-26D2A1706E46}.Release|Any CPU.ActiveCfg = Release|Any CPU
		{23C8F6C9-8213-411B-BCB6-26D2A1706E46}.Release|Any CPU.Build.0 = Release|Any CPU
		{23C8F6C9-8213-411B-BCB6-26D2A1706E46}.Release|x64.ActiveCfg = Release|Any CPU
		{23C8F6C9-8213-411B-BCB6-26D2A1706E46}.Release|x64.Build.0 = Release|Any CPU
		{23C8F6C9-8213-411B-BCB6-26D2A1706E46}.Release|x86.ActiveCfg = Release|Any CPU
		{23C8F6C9-8213-411B-BCB6-26D2A1706E46}.Release|x86.Build.0 = Release|Any CPU
		{A7BB9636-6CEF-47EA-B63F-594DBD5DAF72}.Debug|Any CPU.ActiveCfg = Debug|Any CPU
		{A7BB9636-6CEF-47EA-B63F-594DBD5DAF72}.Debug|Any CPU.Build.0 = Debug|Any CPU
		{A7BB9636-6CEF-47EA-B63F-594DBD5DAF72}.Debug|x64.ActiveCfg = Debug|Any CPU
		{A7BB9636-6CEF-47EA-B63F-594DBD5DAF72}.Debug|x64.Build.0 = Debug|Any CPU
		{A7BB9636-6CEF-47EA-B63F-594DBD5DAF72}.Debug|x86.ActiveCfg = Debug|Any CPU
		{A7BB9636-6CEF-47EA-B63F-594DBD5DAF72}.Debug|x86.Build.0 = Debug|Any CPU
		{A7BB9636-6CEF-47EA-B63F-594DBD5DAF72}.Release|Any CPU.ActiveCfg = Release|Any CPU
		{A7BB9636-6CEF-47EA-B63F-594DBD5DAF72}.Release|Any CPU.Build.0 = Release|Any CPU
		{A7BB9636-6CEF-47EA-B63F-594DBD5DAF72}.Release|x64.ActiveCfg = Release|Any CPU
		{A7BB9636-6CEF-47EA-B63F-594DBD5DAF72}.Release|x64.Build.0 = Release|Any CPU
		{A7BB9636-6CEF-47EA-B63F-594DBD5DAF72}.Release|x86.ActiveCfg = Release|Any CPU
		{A7BB9636-6CEF-47EA-B63F-594DBD5DAF72}.Release|x86.Build.0 = Release|Any CPU
	EndGlobalSection
EndGlobal
